
Microsoft Visual Studio Solution File, Format Version 12.00
# Visual Studio Version 17
VisualStudioVersion = 17.11.35219.272
MinimumVisualStudioVersion = 10.0.40219.1
Project("{FAE04EC0-301F-11D3-BF4B-00C04F79EFBC}") = "EShop", "EShop.csproj", "{3E03AE77-7652-4897-811D-24E609535258}"
EndProject
Global
	GlobalSection(SolutionConfigurationPlatforms) = preSolution
		Debug|Any CPU = Debug|Any CPU
		Release|Any CPU = Release|Any CPU
	EndGlobalSection
	GlobalSection(ProjectConfigurationPlatforms) = postSolution
		{3E03AE77-7652-4897-811D-24E609535258}.Debug|Any CPU.ActiveCfg = Debug|Any CPU
		{3E03AE77-7652-4897-811D-24E609535258}.Debug|Any CPU.Build.0 = Debug|Any CPU
		{3E03AE77-7652-4897-811D-24E609535258}.Release|Any CPU.ActiveCfg = Release|Any CPU
		{3E03AE77-7652-4897-811D-24E609535258}.Release|Any CPU.Build.0 = Release|Any CPU
	EndGlobalSection
	GlobalSection(SolutionProperties) = preSolution
		HideSolutionNode = FALSE
	EndGlobalSection
	GlobalSection(ExtensibilityGlobals) = postSolution
		SolutionGuid = {2C51EFD5-F36E-43F2-9392-8A703F8F60EF}
	EndGlobalSection
EndGlobal
